// !$*UTF8*$!
{
	archiveVersion = 1;
	classes = {
	};
	objectVersion = 48;
	objects = {

/* Begin PBXBuildFile section */
		12786E6E20A302DEFEC663DB /* Pods_tool2UITests.framework in Frameworks */ = {isa = PBXBuildFile; fileRef = 2C45EDD63BA8872A373BB5E7 /* Pods_tool2UITests.framework */; };
		3435BF0E217B235B0431D9EE /* Pods_tool2.framework in Frameworks */ = {isa = PBXBuildFile; fileRef = 2FF1596593D1D1744AA6440E /* Pods_tool2.framework */; };
		681A807D214135FC00CCCC3E /* keyboardView.xib in Resources */ = {isa = PBXBuildFile; fileRef = 681A807C214135FC00CCCC3E /* keyboardView.xib */; };
		687B342021008F9300456E7B /* KeyboardViewController.swift in Sources */ = {isa = PBXBuildFile; fileRef = 687B341F21008F9300456E7B /* KeyboardViewController.swift */; };
		687B342421008F9300456E7B /* keyboard.appex in Embed App Extensions */ = {isa = PBXBuildFile; fileRef = 687B341D21008F9300456E7B /* keyboard.appex */; settings = {ATTRIBUTES = (RemoveHeadersOnCopy, ); }; };
		687C51CB20B695930030DA97 /* AppDelegate.swift in Sources */ = {isa = PBXBuildFile; fileRef = 687C51CA20B695930030DA97 /* AppDelegate.swift */; };
		687C51CD20B695930030DA97 /* ViewController.swift in Sources */ = {isa = PBXBuildFile; fileRef = 687C51CC20B695930030DA97 /* ViewController.swift */; };
		687C51D020B695930030DA97 /* Main.storyboard in Resources */ = {isa = PBXBuildFile; fileRef = 687C51CE20B695930030DA97 /* Main.storyboard */; };
		687C51D220B695930030DA97 /* Assets.xcassets in Resources */ = {isa = PBXBuildFile; fileRef = 687C51D120B695930030DA97 /* Assets.xcassets */; };
		687C51D520B695930030DA97 /* LaunchScreen.storyboard in Resources */ = {isa = PBXBuildFile; fileRef = 687C51D320B695930030DA97 /* LaunchScreen.storyboard */; };
		687C51E020B695940030DA97 /* tool2Tests.swift in Sources */ = {isa = PBXBuildFile; fileRef = 687C51DF20B695940030DA97 /* tool2Tests.swift */; };
		687C51EB20B695940030DA97 /* tool2UITests.swift in Sources */ = {isa = PBXBuildFile; fileRef = 687C51EA20B695940030DA97 /* tool2UITests.swift */; };
		68A0369720B696CF00304568 /* icon.png in Resources */ = {isa = PBXBuildFile; fileRef = 68A0369620B696CF00304568 /* icon.png */; };
		68A0369920B6978D00304568 /* CopyTableViewController.swift in Sources */ = {isa = PBXBuildFile; fileRef = 68A0369820B6978D00304568 /* CopyTableViewController.swift */; };
		68A0369C20B6984800304568 /* CopyTableViewCell.swift in Sources */ = {isa = PBXBuildFile; fileRef = 68A0369A20B6984800304568 /* CopyTableViewCell.swift */; };
		68A0369D20B6984800304568 /* CopyTableViewCell.xib in Resources */ = {isa = PBXBuildFile; fileRef = 68A0369B20B6984800304568 /* CopyTableViewCell.xib */; };
		68E7AA6D20DBA0C100731104 /* CopyData.swift in Sources */ = {isa = PBXBuildFile; fileRef = 68E7AA6C20DBA0C100731104 /* CopyData.swift */; };
		D0D7F801926D39B6E78FC337 /* Pods_tool2Tests.framework in Frameworks */ = {isa = PBXBuildFile; fileRef = C78FA7C9E26CB994BAF51CB9 /* Pods_tool2Tests.framework */; };
/* End PBXBuildFile section */

/* Begin PBXContainerItemProxy section */
		687B342221008F9300456E7B /* PBXContainerItemProxy */ = {
			isa = PBXContainerItemProxy;
			containerPortal = 687C51BF20B695930030DA97 /* Project object */;
			proxyType = 1;
			remoteGlobalIDString = 687B341C21008F9300456E7B;
			remoteInfo = keyboard;
		};
		687C51DC20B695940030DA97 /* PBXContainerItemProxy */ = {
			isa = PBXContainerItemProxy;
			containerPortal = 687C51BF20B695930030DA97 /* Project object */;
			proxyType = 1;
			remoteGlobalIDString = 687C51C620B695930030DA97;
			remoteInfo = tool2;
		};
		687C51E720B695940030DA97 /* PBXContainerItemProxy */ = {
			isa = PBXContainerItemProxy;
			containerPortal = 687C51BF20B695930030DA97 /* Project object */;
			proxyType = 1;
			remoteGlobalIDString = 687C51C620B695930030DA97;
			remoteInfo = tool2;
		};
/* End PBXContainerItemProxy section */

/* Begin PBXCopyFilesBuildPhase section */
		687B342821008F9300456E7B /* Embed App Extensions */ = {
			isa = PBXCopyFilesBuildPhase;
			buildActionMask = 2147483647;
			dstPath = "";
			dstSubfolderSpec = 13;
			files = (
				687B342421008F9300456E7B /* keyboard.appex in Embed App Extensions */,
			);
			name = "Embed App Extensions";
			runOnlyForDeploymentPostprocessing = 0;
		};
/* End PBXCopyFilesBuildPhase section */

/* Begin PBXFileReference section */
		2C45EDD63BA8872A373BB5E7 /* Pods_tool2UITests.framework */ = {isa = PBXFileReference; explicitFileType = wrapper.framework; includeInIndex = 0; path = Pods_tool2UITests.framework; sourceTree = BUILT_PRODUCTS_DIR; };
		2FF1596593D1D1744AA6440E /* Pods_tool2.framework */ = {isa = PBXFileReference; explicitFileType = wrapper.framework; includeInIndex = 0; path = Pods_tool2.framework; sourceTree = BUILT_PRODUCTS_DIR; };
		555399534FA2A9EA757DD79B /* Pods-tool2UITests.debug.xcconfig */ = {isa = PBXFileReference; includeInIndex = 1; lastKnownFileType = text.xcconfig; name = "Pods-tool2UITests.debug.xcconfig"; path = "Pods/Target Support Files/Pods-tool2UITests/Pods-tool2UITests.debug.xcconfig"; sourceTree = "<group>"; };
		66B6F0554DCE66C321C78A53 /* Pods-tool2Tests.debug.xcconfig */ = {isa = PBXFileReference; includeInIndex = 1; lastKnownFileType = text.xcconfig; name = "Pods-tool2Tests.debug.xcconfig"; path = "Pods/Target Support Files/Pods-tool2Tests/Pods-tool2Tests.debug.xcconfig"; sourceTree = "<group>"; };
		681A807C214135FC00CCCC3E /* keyboardView.xib */ = {isa = PBXFileReference; lastKnownFileType = file.xib; path = keyboardView.xib; sourceTree = "<group>"; };
		681A807E214A479F00CCCC3E /* tool2.entitlements */ = {isa = PBXFileReference; lastKnownFileType = text.plist.entitlements; path = tool2.entitlements; sourceTree = "<group>"; };
		681A807F214A480B00CCCC3E /* keyboard.entitlements */ = {isa = PBXFileReference; lastKnownFileType = text.plist.entitlements; path = keyboard.entitlements; sourceTree = "<group>"; };
		687B341D21008F9300456E7B /* keyboard.appex */ = {isa = PBXFileReference; explicitFileType = "wrapper.app-extension"; includeInIndex = 0; path = keyboard.appex; sourceTree = BUILT_PRODUCTS_DIR; };
		687B341F21008F9300456E7B /* KeyboardViewController.swift */ = {isa = PBXFileReference; lastKnownFileType = sourcecode.swift; path = KeyboardViewController.swift; sourceTree = "<group>"; };
		687B342121008F9300456E7B /* Info.plist */ = {isa = PBXFileReference; lastKnownFileType = text.plist.xml; path = Info.plist; sourceTree = "<group>"; };
		687C51C720B695930030DA97 /* tool2.app */ = {isa = PBXFileReference; explicitFileType = wrapper.application; includeInIndex = 0; path = tool2.app; sourceTree = BUILT_PRODUCTS_DIR; };
		687C51CA20B695930030DA97 /* AppDelegate.swift */ = {isa = PBXFileReference; lastKnownFileType = sourcecode.swift; path = AppDelegate.swift; sourceTree = "<group>"; };
		687C51CC20B695930030DA97 /* ViewController.swift */ = {isa = PBXFileReference; lastKnownFileType = sourcecode.swift; path = ViewController.swift; sourceTree = "<group>"; };
		687C51CF20B695930030DA97 /* Base */ = {isa = PBXFileReference; lastKnownFileType = file.storyboard; name = Base; path = Base.lproj/Main.storyboard; sourceTree = "<group>"; };
		687C51D120B695930030DA97 /* Assets.xcassets */ = {isa = PBXFileReference; lastKnownFileType = folder.assetcatalog; path = Assets.xcassets; sourceTree = "<group>"; };
		687C51D420B695930030DA97 /* Base */ = {isa = PBXFileReference; lastKnownFileType = file.storyboard; name = Base; path = Base.lproj/LaunchScreen.storyboard; sourceTree = "<group>"; };
		687C51D620B695930030DA97 /* Info.plist */ = {isa = PBXFileReference; lastKnownFileType = text.plist.xml; path = Info.plist; sourceTree = "<group>"; };
		687C51DB20B695940030DA97 /* tool2Tests.xctest */ = {isa = PBXFileReference; explicitFileType = wrapper.cfbundle; includeInIndex = 0; path = tool2Tests.xctest; sourceTree = BUILT_PRODUCTS_DIR; };
		687C51DF20B695940030DA97 /* tool2Tests.swift */ = {isa = PBXFileReference; lastKnownFileType = sourcecode.swift; path = tool2Tests.swift; sourceTree = "<group>"; };
		687C51E120B695940030DA97 /* Info.plist */ = {isa = PBXFileReference; lastKnownFileType = text.plist.xml; path = Info.plist; sourceTree = "<group>"; };
		687C51E620B695940030DA97 /* tool2UITests.xctest */ = {isa = PBXFileReference; explicitFileType = wrapper.cfbundle; includeInIndex = 0; path = tool2UITests.xctest; sourceTree = BUILT_PRODUCTS_DIR; };
		687C51EA20B695940030DA97 /* tool2UITests.swift */ = {isa = PBXFileReference; lastKnownFileType = sourcecode.swift; path = tool2UITests.swift; sourceTree = "<group>"; };
		687C51EC20B695940030DA97 /* Info.plist */ = {isa = PBXFileReference; lastKnownFileType = text.plist.xml; path = Info.plist; sourceTree = "<group>"; };
		68A0369620B696CF00304568 /* icon.png */ = {isa = PBXFileReference; lastKnownFileType = image.png; path = icon.png; sourceTree = "<group>"; };
		68A0369820B6978D00304568 /* CopyTableViewController.swift */ = {isa = PBXFileReference; lastKnownFileType = sourcecode.swift; path = CopyTableViewController.swift; sourceTree = "<group>"; };
		68A0369A20B6984800304568 /* CopyTableViewCell.swift */ = {isa = PBXFileReference; lastKnownFileType = sourcecode.swift; path = CopyTableViewCell.swift; sourceTree = "<group>"; };
		68A0369B20B6984800304568 /* CopyTableViewCell.xib */ = {isa = PBXFileReference; lastKnownFileType = file.xib; path = CopyTableViewCell.xib; sourceTree = "<group>"; };
		68E7AA6C20DBA0C100731104 /* CopyData.swift */ = {isa = PBXFileReference; lastKnownFileType = sourcecode.swift; path = CopyData.swift; sourceTree = "<group>"; };
		B59775FB5B13AE366EE54D2B /* Pods-tool2UITests.release.xcconfig */ = {isa = PBXFileReference; includeInIndex = 1; lastKnownFileType = text.xcconfig; name = "Pods-tool2UITests.release.xcconfig"; path = "Pods/Target Support Files/Pods-tool2UITests/Pods-tool2UITests.release.xcconfig"; sourceTree = "<group>"; };
		C78FA7C9E26CB994BAF51CB9 /* Pods_tool2Tests.framework */ = {isa = PBXFileReference; explicitFileType = wrapper.framework; includeInIndex = 0; path = Pods_tool2Tests.framework; sourceTree = BUILT_PRODUCTS_DIR; };
		EC294AD805DCB86279E7D2AD /* Pods-tool2.release.xcconfig */ = {isa = PBXFileReference; includeInIndex = 1; lastKnownFileType = text.xcconfig; name = "Pods-tool2.release.xcconfig"; path = "Pods/Target Support Files/Pods-tool2/Pods-tool2.release.xcconfig"; sourceTree = "<group>"; };
		F3F725A70F7AEC13A53654FF /* Pods-tool2Tests.release.xcconfig */ = {isa = PBXFileReference; includeInIndex = 1; lastKnownFileType = text.xcconfig; name = "Pods-tool2Tests.release.xcconfig"; path = "Pods/Target Support Files/Pods-tool2Tests/Pods-tool2Tests.release.xcconfig"; sourceTree = "<group>"; };
		FDB14E231F25E1EA52A5CBC4 /* Pods-tool2.debug.xcconfig */ = {isa = PBXFileReference; includeInIndex = 1; lastKnownFileType = text.xcconfig; name = "Pods-tool2.debug.xcconfig"; path = "Pods/Target Support Files/Pods-tool2/Pods-tool2.debug.xcconfig"; sourceTree = "<group>"; };
/* End PBXFileReference section */

/* Begin PBXFrameworksBuildPhase section */
		687B341A21008F9300456E7B /* Frameworks */ = {
			isa = PBXFrameworksBuildPhase;
			buildActionMask = 2147483647;
			files = (
			);
			runOnlyForDeploymentPostprocessing = 0;
		};
		687C51C420B695930030DA97 /* Frameworks */ = {
			isa = PBXFrameworksBuildPhase;
			buildActionMask = 2147483647;
			files = (
				3435BF0E217B235B0431D9EE /* Pods_tool2.framework in Frameworks */,
			);
			runOnlyForDeploymentPostprocessing = 0;
		};
		687C51D820B695940030DA97 /* Frameworks */ = {
			isa = PBXFrameworksBuildPhase;
			buildActionMask = 2147483647;
			files = (
				D0D7F801926D39B6E78FC337 /* Pods_tool2Tests.framework in Frameworks */,
			);
			runOnlyForDeploymentPostprocessing = 0;
		};
		687C51E320B695940030DA97 /* Frameworks */ = {
			isa = PBXFrameworksBuildPhase;
			buildActionMask = 2147483647;
			files = (
				12786E6E20A302DEFEC663DB /* Pods_tool2UITests.framework in Frameworks */,
			);
			runOnlyForDeploymentPostprocessing = 0;
		};
/* End PBXFrameworksBuildPhase section */

/* Begin PBXGroup section */
		687B341E21008F9300456E7B /* keyboard */ = {
			isa = PBXGroup;
			children = (
				681A807F214A480B00CCCC3E /* keyboard.entitlements */,
				687B341F21008F9300456E7B /* KeyboardViewController.swift */,
				687B342121008F9300456E7B /* Info.plist */,
				681A807C214135FC00CCCC3E /* keyboardView.xib */,
			);
			path = keyboard;
			sourceTree = "<group>";
		};
		687C51BE20B695930030DA97 = {
			isa = PBXGroup;
			children = (
				687C51C920B695930030DA97 /* tool2 */,
				687C51DE20B695940030DA97 /* tool2Tests */,
				687C51E920B695940030DA97 /* tool2UITests */,
				687B341E21008F9300456E7B /* keyboard */,
				687C51C820B695930030DA97 /* Products */,
				85F9D97D51B3BEA4F4EDDB4D /* Pods */,
				94AC72DBF654CEFECC627DA0 /* Frameworks */,
			);
			sourceTree = "<group>";
		};
		687C51C820B695930030DA97 /* Products */ = {
			isa = PBXGroup;
			children = (
				687C51C720B695930030DA97 /* tool2.app */,
				687C51DB20B695940030DA97 /* tool2Tests.xctest */,
				687C51E620B695940030DA97 /* tool2UITests.xctest */,
				687B341D21008F9300456E7B /* keyboard.appex */,
			);
			name = Products;
			sourceTree = "<group>";
		};
		687C51C920B695930030DA97 /* tool2 */ = {
			isa = PBXGroup;
			children = (
				681A807E214A479F00CCCC3E /* tool2.entitlements */,
				687C51CA20B695930030DA97 /* AppDelegate.swift */,
				687C51CC20B695930030DA97 /* ViewController.swift */,
				687C51CE20B695930030DA97 /* Main.storyboard */,
				687C51D120B695930030DA97 /* Assets.xcassets */,
				687C51D320B695930030DA97 /* LaunchScreen.storyboard */,
				687C51D620B695930030DA97 /* Info.plist */,
				68A0369620B696CF00304568 /* icon.png */,
				68A0369820B6978D00304568 /* CopyTableViewController.swift */,
				68A0369A20B6984800304568 /* CopyTableViewCell.swift */,
				68A0369B20B6984800304568 /* CopyTableViewCell.xib */,
				68E7AA6C20DBA0C100731104 /* CopyData.swift */,
			);
			path = tool2;
			sourceTree = "<group>";
		};
		687C51DE20B695940030DA97 /* tool2Tests */ = {
			isa = PBXGroup;
			children = (
				687C51DF20B695940030DA97 /* tool2Tests.swift */,
				687C51E120B695940030DA97 /* Info.plist */,
			);
			path = tool2Tests;
			sourceTree = "<group>";
		};
		687C51E920B695940030DA97 /* tool2UITests */ = {
			isa = PBXGroup;
			children = (
				687C51EA20B695940030DA97 /* tool2UITests.swift */,
				687C51EC20B695940030DA97 /* Info.plist */,
			);
			path = tool2UITests;
			sourceTree = "<group>";
		};
		85F9D97D51B3BEA4F4EDDB4D /* Pods */ = {
			isa = PBXGroup;
			children = (
				FDB14E231F25E1EA52A5CBC4 /* Pods-tool2.debug.xcconfig */,
				EC294AD805DCB86279E7D2AD /* Pods-tool2.release.xcconfig */,
				66B6F0554DCE66C321C78A53 /* Pods-tool2Tests.debug.xcconfig */,
				F3F725A70F7AEC13A53654FF /* Pods-tool2Tests.release.xcconfig */,
				555399534FA2A9EA757DD79B /* Pods-tool2UITests.debug.xcconfig */,
				B59775FB5B13AE366EE54D2B /* Pods-tool2UITests.release.xcconfig */,
			);
			name = Pods;
			sourceTree = "<group>";
		};
		94AC72DBF654CEFECC627DA0 /* Frameworks */ = {
			isa = PBXGroup;
			children = (
				2FF1596593D1D1744AA6440E /* Pods_tool2.framework */,
				C78FA7C9E26CB994BAF51CB9 /* Pods_tool2Tests.framework */,
				2C45EDD63BA8872A373BB5E7 /* Pods_tool2UITests.framework */,
			);
			name = Frameworks;
			sourceTree = "<group>";
		};
/* End PBXGroup section */

/* Begin PBXNativeTarget section */
		687B341C21008F9300456E7B /* keyboard */ = {
			isa = PBXNativeTarget;
			buildConfigurationList = 687B342721008F9300456E7B /* Build configuration list for PBXNativeTarget "keyboard" */;
			buildPhases = (
				687B341921008F9300456E7B /* Sources */,
				687B341A21008F9300456E7B /* Frameworks */,
				687B341B21008F9300456E7B /* Resources */,
			);
			buildRules = (
			);
			dependencies = (
			);
			name = keyboard;
			productName = keyboard;
			productReference = 687B341D21008F9300456E7B /* keyboard.appex */;
			productType = "com.apple.product-type.app-extension";
		};
		687C51C620B695930030DA97 /* tool2 */ = {
			isa = PBXNativeTarget;
			buildConfigurationList = 687C51EF20B695940030DA97 /* Build configuration list for PBXNativeTarget "tool2" */;
			buildPhases = (
				F449041F4C60FDE06473A02A /* [CP] Check Pods Manifest.lock */,
				687C51C320B695930030DA97 /* Sources */,
				687C51C420B695930030DA97 /* Frameworks */,
				687C51C520B695930030DA97 /* Resources */,
				04EDEC806E43B2A41F82BB70 /* [CP] Embed Pods Frameworks */,
				27B5C2916698E50454342609 /* [CP] Copy Pods Resources */,
				687B342821008F9300456E7B /* Embed App Extensions */,
			);
			buildRules = (
			);
			dependencies = (
				687B342321008F9300456E7B /* PBXTargetDependency */,
			);
			name = tool2;
			productName = tool2;
			productReference = 687C51C720B695930030DA97 /* tool2.app */;
			productType = "com.apple.product-type.application";
		};
		687C51DA20B695940030DA97 /* tool2Tests */ = {
			isa = PBXNativeTarget;
			buildConfigurationList = 687C51F220B695940030DA97 /* Build configuration list for PBXNativeTarget "tool2Tests" */;
			buildPhases = (
				BA5B0632CBBA023B111C36BC /* [CP] Check Pods Manifest.lock */,
				687C51D720B695940030DA97 /* Sources */,
				687C51D820B695940030DA97 /* Frameworks */,
				687C51D920B695940030DA97 /* Resources */,
				335006ED7B0F19E5443DBE8A /* [CP] Embed Pods Frameworks */,
				2039A84B12A388EB5EAF05BC /* [CP] Copy Pods Resources */,
			);
			buildRules = (
			);
			dependencies = (
				687C51DD20B695940030DA97 /* PBXTargetDependency */,
			);
			name = tool2Tests;
			productName = tool2Tests;
			productReference = 687C51DB20B695940030DA97 /* tool2Tests.xctest */;
			productType = "com.apple.product-type.bundle.unit-test";
		};
		687C51E520B695940030DA97 /* tool2UITests */ = {
			isa = PBXNativeTarget;
			buildConfigurationList = 687C51F520B695940030DA97 /* Build configuration list for PBXNativeTarget "tool2UITests" */;
			buildPhases = (
				8B3FFDAC60B56DB7A1D333C1 /* [CP] Check Pods Manifest.lock */,
				687C51E220B695940030DA97 /* Sources */,
				687C51E320B695940030DA97 /* Frameworks */,
				687C51E420B695940030DA97 /* Resources */,
				A974A56102B0BE8DFCB9CE94 /* [CP] Embed Pods Frameworks */,
				4EEE5548244663699E529C0D /* [CP] Copy Pods Resources */,
			);
			buildRules = (
			);
			dependencies = (
				687C51E820B695940030DA97 /* PBXTargetDependency */,
			);
			name = tool2UITests;
			productName = tool2UITests;
			productReference = 687C51E620B695940030DA97 /* tool2UITests.xctest */;
			productType = "com.apple.product-type.bundle.ui-testing";
		};
/* End PBXNativeTarget section */

/* Begin PBXProject section */
		687C51BF20B695930030DA97 /* Project object */ = {
			isa = PBXProject;
			attributes = {
				LastSwiftUpdateCheck = 0940;
				LastUpgradeCheck = 0920;
				ORGANIZATIONNAME = "斧田洋人";
				TargetAttributes = {
					687B341C21008F9300456E7B = {
						CreatedOnToolsVersion = 9.4.1;
						ProvisioningStyle = Automatic;
						SystemCapabilities = {
							com.apple.ApplicationGroups.iOS = {
								enabled = 1;
							};
						};
					};
					687C51C620B695930030DA97 = {
						CreatedOnToolsVersion = 9.2;
						ProvisioningStyle = Automatic;
						SystemCapabilities = {
							com.apple.ApplicationGroups.iOS = {
								enabled = 1;
							};
						};
					};
					687C51DA20B695940030DA97 = {
						CreatedOnToolsVersion = 9.2;
						ProvisioningStyle = Automatic;
						TestTargetID = 687C51C620B695930030DA97;
					};
					687C51E520B695940030DA97 = {
						CreatedOnToolsVersion = 9.2;
						ProvisioningStyle = Automatic;
						TestTargetID = 687C51C620B695930030DA97;
					};
				};
			};
			buildConfigurationList = 687C51C220B695930030DA97 /* Build configuration list for PBXProject "tool2" */;
			compatibilityVersion = "Xcode 8.0";
			developmentRegion = en;
			hasScannedForEncodings = 0;
			knownRegions = (
				en,
				Base,
			);
			mainGroup = 687C51BE20B695930030DA97;
			productRefGroup = 687C51C820B695930030DA97 /* Products */;
			projectDirPath = "";
			projectRoot = "";
			targets = (
				687C51C620B695930030DA97 /* tool2 */,
				687C51DA20B695940030DA97 /* tool2Tests */,
				687C51E520B695940030DA97 /* tool2UITests */,
				687B341C21008F9300456E7B /* keyboard */,
			);
		};
/* End PBXProject section */

/* Begin PBXResourcesBuildPhase section */
		687B341B21008F9300456E7B /* Resources */ = {
			isa = PBXResourcesBuildPhase;
			buildActionMask = 2147483647;
			files = (
				681A807D214135FC00CCCC3E /* keyboardView.xib in Resources */,
			);
			runOnlyForDeploymentPostprocessing = 0;
		};
		687C51C520B695930030DA97 /* Resources */ = {
			isa = PBXResourcesBuildPhase;
			buildActionMask = 2147483647;
			files = (
				68A0369720B696CF00304568 /* icon.png in Resources */,
				68A0369D20B6984800304568 /* CopyTableViewCell.xib in Resources */,
				687C51D520B695930030DA97 /* LaunchScreen.storyboard in Resources */,
				687C51D220B695930030DA97 /* Assets.xcassets in Resources */,
				687C51D020B695930030DA97 /* Main.storyboard in Resources */,
			);
			runOnlyForDeploymentPostprocessing = 0;
		};
		687C51D920B695940030DA97 /* Resources */ = {
			isa = PBXResourcesBuildPhase;
			buildActionMask = 2147483647;
			files = (
			);
			runOnlyForDeploymentPostprocessing = 0;
		};
		687C51E420B695940030DA97 /* Resources */ = {
			isa = PBXResourcesBuildPhase;
			buildActionMask = 2147483647;
			files = (
			);
			runOnlyForDeploymentPostprocessing = 0;
		};
/* End PBXResourcesBuildPhase section */

/* Begin PBXShellScriptBuildPhase section */
		04EDEC806E43B2A41F82BB70 /* [CP] Embed Pods Frameworks */ = {
			isa = PBXShellScriptBuildPhase;
			buildActionMask = 2147483647;
			files = (
			);
			inputPaths = (
				"${SRCROOT}/Pods/Target Support Files/Pods-tool2/Pods-tool2-frameworks.sh",
				"${BUILT_PRODUCTS_DIR}/Realm/Realm.framework",
				"${BUILT_PRODUCTS_DIR}/RealmSwift/RealmSwift.framework",
			);
			name = "[CP] Embed Pods Frameworks";
			outputPaths = (
				"${TARGET_BUILD_DIR}/${FRAMEWORKS_FOLDER_PATH}/Realm.framework",
				"${TARGET_BUILD_DIR}/${FRAMEWORKS_FOLDER_PATH}/RealmSwift.framework",
			);
			runOnlyForDeploymentPostprocessing = 0;
			shellPath = /bin/sh;
			shellScript = "\"${SRCROOT}/Pods/Target Support Files/Pods-tool2/Pods-tool2-frameworks.sh\"\n";
			showEnvVarsInLog = 0;
		};
		2039A84B12A388EB5EAF05BC /* [CP] Copy Pods Resources */ = {
			isa = PBXShellScriptBuildPhase;
			buildActionMask = 2147483647;
			files = (
			);
			inputPaths = (
			);
			name = "[CP] Copy Pods Resources";
			outputPaths = (
			);
			runOnlyForDeploymentPostprocessing = 0;
			shellPath = /bin/sh;
			shellScript = "\"${SRCROOT}/Pods/Target Support Files/Pods-tool2Tests/Pods-tool2Tests-resources.sh\"\n";
			showEnvVarsInLog = 0;
		};
		27B5C2916698E50454342609 /* [CP] Copy Pods Resources */ = {
			isa = PBXShellScriptBuildPhase;
			buildActionMask = 2147483647;
			files = (
			);
			inputPaths = (
			);
			name = "[CP] Copy Pods Resources";
			outputPaths = (
			);
			runOnlyForDeploymentPostprocessing = 0;
			shellPath = /bin/sh;
			shellScript = "\"${SRCROOT}/Pods/Target Support Files/Pods-tool2/Pods-tool2-resources.sh\"\n";
			showEnvVarsInLog = 0;
		};
		335006ED7B0F19E5443DBE8A /* [CP] Embed Pods Frameworks */ = {
			isa = PBXShellScriptBuildPhase;
			buildActionMask = 2147483647;
			files = (
			);
			inputPaths = (
			);
			name = "[CP] Embed Pods Frameworks";
			outputPaths = (
			);
			runOnlyForDeploymentPostprocessing = 0;
			shellPath = /bin/sh;
			shellScript = "\"${SRCROOT}/Pods/Target Support Files/Pods-tool2Tests/Pods-tool2Tests-frameworks.sh\"\n";
			showEnvVarsInLog = 0;
		};
		4EEE5548244663699E529C0D /* [CP] Copy Pods Resources */ = {
			isa = PBXShellScriptBuildPhase;
			buildActionMask = 2147483647;
			files = (
			);
			inputPaths = (
			);
			name = "[CP] Copy Pods Resources";
			outputPaths = (
			);
			runOnlyForDeploymentPostprocessing = 0;
			shellPath = /bin/sh;
			shellScript = "\"${SRCROOT}/Pods/Target Support Files/Pods-tool2UITests/Pods-tool2UITests-resources.sh\"\n";
			showEnvVarsInLog = 0;
		};
		8B3FFDAC60B56DB7A1D333C1 /* [CP] Check Pods Manifest.lock */ = {
			isa = PBXShellScriptBuildPhase;
			buildActionMask = 2147483647;
			files = (
			);
			inputPaths = (
				"${PODS_PODFILE_DIR_PATH}/Podfile.lock",
				"${PODS_ROOT}/Manifest.lock",
			);
			name = "[CP] Check Pods Manifest.lock";
			outputPaths = (
				"$(DERIVED_FILE_DIR)/Pods-tool2UITests-checkManifestLockResult.txt",
			);
			runOnlyForDeploymentPostprocessing = 0;
			shellPath = /bin/sh;
			shellScript = "diff \"${PODS_PODFILE_DIR_PATH}/Podfile.lock\" \"${PODS_ROOT}/Manifest.lock\" > /dev/null\nif [ $? != 0 ] ; then\n    # print error to STDERR\n    echo \"error: The sandbox is not in sync with the Podfile.lock. Run 'pod install' or update your CocoaPods installation.\" >&2\n    exit 1\nfi\n# This output is used by Xcode 'outputs' to avoid re-running this script phase.\necho \"SUCCESS\" > \"${SCRIPT_OUTPUT_FILE_0}\"\n";
			showEnvVarsInLog = 0;
		};
		A974A56102B0BE8DFCB9CE94 /* [CP] Embed Pods Frameworks */ = {
			isa = PBXShellScriptBuildPhase;
			buildActionMask = 2147483647;
			files = (
			);
			inputPaths = (
			);
			name = "[CP] Embed Pods Frameworks";
			outputPaths = (
			);
			runOnlyForDeploymentPostprocessing = 0;
			shellPath = /bin/sh;
			shellScript = "\"${SRCROOT}/Pods/Target Support Files/Pods-tool2UITests/Pods-tool2UITests-frameworks.sh\"\n";
			showEnvVarsInLog = 0;
		};
		BA5B0632CBBA023B111C36BC /* [CP] Check Pods Manifest.lock */ = {
			isa = PBXShellScriptBuildPhase;
			buildActionMask = 2147483647;
			files = (
			);
			inputPaths = (
				"${PODS_PODFILE_DIR_PATH}/Podfile.lock",
				"${PODS_ROOT}/Manifest.lock",
			);
			name = "[CP] Check Pods Manifest.lock";
			outputPaths = (
				"$(DERIVED_FILE_DIR)/Pods-tool2Tests-checkManifestLockResult.txt",
			);
			runOnlyForDeploymentPostprocessing = 0;
			shellPath = /bin/sh;
			shellScript = "diff \"${PODS_PODFILE_DIR_PATH}/Podfile.lock\" \"${PODS_ROOT}/Manifest.lock\" > /dev/null\nif [ $? != 0 ] ; then\n    # print error to STDERR\n    echo \"error: The sandbox is not in sync with the Podfile.lock. Run 'pod install' or update your CocoaPods installation.\" >&2\n    exit 1\nfi\n# This output is used by Xcode 'outputs' to avoid re-running this script phase.\necho \"SUCCESS\" > \"${SCRIPT_OUTPUT_FILE_0}\"\n";
			showEnvVarsInLog = 0;
		};
		F449041F4C60FDE06473A02A /* [CP] Check Pods Manifest.lock */ = {
			isa = PBXShellScriptBuildPhase;
			buildActionMask = 2147483647;
			files = (
			);
			inputPaths = (
				"${PODS_PODFILE_DIR_PATH}/Podfile.lock",
				"${PODS_ROOT}/Manifest.lock",
			);
			name = "[CP] Check Pods Manifest.lock";
			outputPaths = (
				"$(DERIVED_FILE_DIR)/Pods-tool2-checkManifestLockResult.txt",
			);
			runOnlyForDeploymentPostprocessing = 0;
			shellPath = /bin/sh;
			shellScript = "diff \"${PODS_PODFILE_DIR_PATH}/Podfile.lock\" \"${PODS_ROOT}/Manifest.lock\" > /dev/null\nif [ $? != 0 ] ; then\n    # print error to STDERR\n    echo \"error: The sandbox is not in sync with the Podfile.lock. Run 'pod install' or update your CocoaPods installation.\" >&2\n    exit 1\nfi\n# This output is used by Xcode 'outputs' to avoid re-running this script phase.\necho \"SUCCESS\" > \"${SCRIPT_OUTPUT_FILE_0}\"\n";
			showEnvVarsInLog = 0;
		};
/* End PBXShellScriptBuildPhase section */

/* Begin PBXSourcesBuildPhase section */
		687B341921008F9300456E7B /* Sources */ = {
			isa = PBXSourcesBuildPhase;
			buildActionMask = 2147483647;
			files = (
				687B342021008F9300456E7B /* KeyboardViewController.swift in Sources */,
			);
			runOnlyForDeploymentPostprocessing = 0;
		};
		687C51C320B695930030DA97 /* Sources */ = {
			isa = PBXSourcesBuildPhase;
			buildActionMask = 2147483647;
			files = (
				68E7AA6D20DBA0C100731104 /* CopyData.swift in Sources */,
				68A0369C20B6984800304568 /* CopyTableViewCell.swift in Sources */,
				687C51CD20B695930030DA97 /* ViewController.swift in Sources */,
				687C51CB20B695930030DA97 /* AppDelegate.swift in Sources */,
				68A0369920B6978D00304568 /* CopyTableViewController.swift in Sources */,
			);
			runOnlyForDeploymentPostprocessing = 0;
		};
		687C51D720B695940030DA97 /* Sources */ = {
			isa = PBXSourcesBuildPhase;
			buildActionMask = 2147483647;
			files = (
				687C51E020B695940030DA97 /* tool2Tests.swift in Sources */,
			);
			runOnlyForDeploymentPostprocessing = 0;
		};
		687C51E220B695940030DA97 /* Sources */ = {
			isa = PBXSourcesBuildPhase;
			buildActionMask = 2147483647;
			files = (
				687C51EB20B695940030DA97 /* tool2UITests.swift in Sources */,
			);
			runOnlyForDeploymentPostprocessing = 0;
		};
/* End PBXSourcesBuildPhase section */

/* Begin PBXTargetDependency section */
		687B342321008F9300456E7B /* PBXTargetDependency */ = {
			isa = PBXTargetDependency;
			target = 687B341C21008F9300456E7B /* keyboard */;
			targetProxy = 687B342221008F9300456E7B /* PBXContainerItemProxy */;
		};
		687C51DD20B695940030DA97 /* PBXTargetDependency */ = {
			isa = PBXTargetDependency;
			target = 687C51C620B695930030DA97 /* tool2 */;
			targetProxy = 687C51DC20B695940030DA97 /* PBXContainerItemProxy */;
		};
		687C51E820B695940030DA97 /* PBXTargetDependency */ = {
			isa = PBXTargetDependency;
			target = 687C51C620B695930030DA97 /* tool2 */;
			targetProxy = 687C51E720B695940030DA97 /* PBXContainerItemProxy */;
		};
/* End PBXTargetDependency section */

/* Begin PBXVariantGroup section */
		687C51CE20B695930030DA97 /* Main.storyboard */ = {
			isa = PBXVariantGroup;
			children = (
				687C51CF20B695930030DA97 /* Base */,
			);
			name = Main.storyboard;
			sourceTree = "<group>";
		};
		687C51D320B695930030DA97 /* LaunchScreen.storyboard */ = {
			isa = PBXVariantGroup;
			children = (
				687C51D420B695930030DA97 /* Base */,
			);
			name = LaunchScreen.storyboard;
			sourceTree = "<group>";
		};
/* End PBXVariantGroup section */

/* Begin XCBuildConfiguration section */
		687B342521008F9300456E7B /* Debug */ = {
			isa = XCBuildConfiguration;
			buildSettings = {
				CLANG_ENABLE_OBJC_WEAK = YES;
				CLANG_WARN_DEPRECATED_OBJC_IMPLEMENTATIONS = YES;
				CLANG_WARN_OBJC_IMPLICIT_RETAIN_SELF = YES;
				CODE_SIGN_ENTITLEMENTS = keyboard/keyboard.entitlements;
				CODE_SIGN_STYLE = Automatic;
				DEVELOPMENT_TEAM = 84Q47FTZCU;
				INFOPLIST_FILE = keyboard/Info.plist;
				IPHONEOS_DEPLOYMENT_TARGET = 11.4;
				LD_RUNPATH_SEARCH_PATHS = "$(inherited) @executable_path/Frameworks @executable_path/../../Frameworks";
				PRODUCT_BUNDLE_IDENTIFIER = com.hiroto.tool2.keyboard;
				PRODUCT_NAME = "$(TARGET_NAME)";
				SKIP_INSTALL = YES;
				SWIFT_VERSION = 4.0;
				TARGETED_DEVICE_FAMILY = "1,2";
			};
			name = Debug;
		};
		687B342621008F9300456E7B /* Release */ = {
			isa = XCBuildConfiguration;
			buildSettings = {
				CLANG_ENABLE_OBJC_WEAK = YES;
				CLANG_WARN_DEPRECATED_OBJC_IMPLEMENTATIONS = YES;
				CLANG_WARN_OBJC_IMPLICIT_RETAIN_SELF = YES;
				CODE_SIGN_ENTITLEMENTS = keyboard/keyboard.entitlements;
				CODE_SIGN_STYLE = Automatic;
				DEVELOPMENT_TEAM = 84Q47FTZCU;
				INFOPLIST_FILE = keyboard/Info.plist;
				IPHONEOS_DEPLOYMENT_TARGET = 11.4;
				LD_RUNPATH_SEARCH_PATHS = "$(inherited) @executable_path/Frameworks @executable_path/../../Frameworks";
				PRODUCT_BUNDLE_IDENTIFIER = com.hiroto.tool2.keyboard;
				PRODUCT_NAME = "$(TARGET_NAME)";
				SKIP_INSTALL = YES;
				SWIFT_VERSION = 4.0;
				TARGETED_DEVICE_FAMILY = "1,2";
			};
			name = Release;
		};
		687C51ED20B695940030DA97 /* Debug */ = {
			isa = XCBuildConfiguration;
			buildSettings = {
				ALWAYS_SEARCH_USER_PATHS = NO;
				CLANG_ANALYZER_NONNULL = YES;
				CLANG_ANALYZER_NUMBER_OBJECT_CONVERSION = YES_AGGRESSIVE;
				CLANG_CXX_LANGUAGE_STANDARD = "gnu++14";
				CLANG_CXX_LIBRARY = "libc++";
				CLANG_ENABLE_MODULES = YES;
				CLANG_ENABLE_OBJC_ARC = YES;
				CLANG_WARN_BLOCK_CAPTURE_AUTORELEASING = YES;
				CLANG_WARN_BOOL_CONVERSION = YES;
				CLANG_WARN_COMMA = YES;
				CLANG_WARN_CONSTANT_CONVERSION = YES;
				CLANG_WARN_DIRECT_OBJC_ISA_USAGE = YES_ERROR;
				CLANG_WARN_DOCUMENTATION_COMMENTS = YES;
				CLANG_WARN_EMPTY_BODY = YES;
				CLANG_WARN_ENUM_CONVERSION = YES;
				CLANG_WARN_INFINITE_RECURSION = YES;
				CLANG_WARN_INT_CONVERSION = YES;
				CLANG_WARN_NON_LITERAL_NULL_CONVERSION = YES;
				CLANG_WARN_OBJC_LITERAL_CONVERSION = YES;
				CLANG_WARN_OBJC_ROOT_CLASS = YES_ERROR;
				CLANG_WARN_RANGE_LOOP_ANALYSIS = YES;
				CLANG_WARN_STRICT_PROTOTYPES = YES;
				CLANG_WARN_SUSPICIOUS_MOVE = YES;
				CLANG_WARN_UNGUARDED_AVAILABILITY = YES_AGGRESSIVE;
				CLANG_WARN_UNREACHABLE_CODE = YES;
				CLANG_WARN__DUPLICATE_METHOD_MATCH = YES;
				CODE_SIGN_IDENTITY = "iPhone Developer";
				COPY_PHASE_STRIP = NO;
				DEBUG_INFORMATION_FORMAT = dwarf;
				ENABLE_STRICT_OBJC_MSGSEND = YES;
				ENABLE_TESTABILITY = YES;
				GCC_C_LANGUAGE_STANDARD = gnu11;
				GCC_DYNAMIC_NO_PIC = NO;
				GCC_NO_COMMON_BLOCKS = YES;
				GCC_OPTIMIZATION_LEVEL = 0;
				GCC_PREPROCESSOR_DEFINITIONS = (
					"DEBUG=1",
					"$(inherited)",
				);
				GCC_WARN_64_TO_32_BIT_CONVERSION = YES;
				GCC_WARN_ABOUT_RETURN_TYPE = YES_ERROR;
				GCC_WARN_UNDECLARED_SELECTOR = YES;
				GCC_WARN_UNINITIALIZED_AUTOS = YES_AGGRESSIVE;
				GCC_WARN_UNUSED_FUNCTION = YES;
				GCC_WARN_UNUSED_VARIABLE = YES;
				IPHONEOS_DEPLOYMENT_TARGET = 11.2;
				MTL_ENABLE_DEBUG_INFO = YES;
				ONLY_ACTIVE_ARCH = YES;
				SDKROOT = iphoneos;
				SWIFT_ACTIVE_COMPILATION_CONDITIONS = DEBUG;
				SWIFT_OPTIMIZATION_LEVEL = "-Onone";
				a = "";
			};
			name = Debug;
		};
		687C51EE20B695940030DA97 /* Release */ = {
			isa = XCBuildConfiguration;
			buildSettings = {
				ALWAYS_SEARCH_USER_PATHS = NO;
				CLANG_ANALYZER_NONNULL = YES;
				CLANG_ANALYZER_NUMBER_OBJECT_CONVERSION = YES_AGGRESSIVE;
				CLANG_CXX_LANGUAGE_STANDARD = "gnu++14";
				CLANG_CXX_LIBRARY = "libc++";
				CLANG_ENABLE_MODULES = YES;
				CLANG_ENABLE_OBJC_ARC = YES;
				CLANG_WARN_BLOCK_CAPTURE_AUTORELEASING = YES;
				CLANG_WARN_BOOL_CONVERSION = YES;
				CLANG_WARN_COMMA = YES;
				CLANG_WARN_CONSTANT_CONVERSION = YES;
				CLANG_WARN_DIRECT_OBJC_ISA_USAGE = YES_ERROR;
				CLANG_WARN_DOCUMENTATION_COMMENTS = YES;
				CLANG_WARN_EMPTY_BODY = YES;
				CLANG_WARN_ENUM_CONVERSION = YES;
				CLANG_WARN_INFINITE_RECURSION = YES;
				CLANG_WARN_INT_CONVERSION = YES;
				CLANG_WARN_NON_LITERAL_NULL_CONVERSION = YES;
				CLANG_WARN_OBJC_LITERAL_CONVERSION = YES;
				CLANG_WARN_OBJC_ROOT_CLASS = YES_ERROR;
				CLANG_WARN_RANGE_LOOP_ANALYSIS = YES;
				CLANG_WARN_STRICT_PROTOTYPES = YES;
				CLANG_WARN_SUSPICIOUS_MOVE = YES;
				CLANG_WARN_UNGUARDED_AVAILABILITY = YES_AGGRESSIVE;
				CLANG_WARN_UNREACHABLE_CODE = YES;
				CLANG_WARN__DUPLICATE_METHOD_MATCH = YES;
				CODE_SIGN_IDENTITY = "iPhone Developer";
				COPY_PHASE_STRIP = NO;
				DEBUG_INFORMATION_FORMAT = "dwarf-with-dsym";
				ENABLE_NS_ASSERTIONS = NO;
				ENABLE_STRICT_OBJC_MSGSEND = YES;
				GCC_C_LANGUAGE_STANDARD = gnu11;
				GCC_NO_COMMON_BLOCKS = YES;
				GCC_WARN_64_TO_32_BIT_CONVERSION = YES;
				GCC_WARN_ABOUT_RETURN_TYPE = YES_ERROR;
				GCC_WARN_UNDECLARED_SELECTOR = YES;
				GCC_WARN_UNINITIALIZED_AUTOS = YES_AGGRESSIVE;
				GCC_WARN_UNUSED_FUNCTION = YES;
				GCC_WARN_UNUSED_VARIABLE = YES;
				IPHONEOS_DEPLOYMENT_TARGET = 11.2;
				MTL_ENABLE_DEBUG_INFO = NO;
				SDKROOT = iphoneos;
				SWIFT_OPTIMIZATION_LEVEL = "-Owholemodule";
				VALIDATE_PRODUCT = YES;
				a = "";
			};
			name = Release;
		};
		687C51F020B695940030DA97 /* Debug */ = {
			isa = XCBuildConfiguration;
			baseConfigurationReference = FDB14E231F25E1EA52A5CBC4 /* Pods-tool2.debug.xcconfig */;
			buildSettings = {
				ALWAYS_EMBED_SWIFT_STANDARD_LIBRARIES = YES;
				ASSETCATALOG_COMPILER_APPICON_NAME = AppIcon;
				CODE_SIGN_ENTITLEMENTS = tool2/tool2.entitlements;
				CODE_SIGN_STYLE = Automatic;
				DEVELOPMENT_TEAM = 84Q47FTZCU;
				INFOPLIST_FILE = tool2/Info.plist;
				IPHONEOS_DEPLOYMENT_TARGET = 11.0;
				LD_RUNPATH_SEARCH_PATHS = "$(inherited) @executable_path/Frameworks";
				PRODUCT_BUNDLE_IDENTIFIER = com.hiroto.tool2;
				PRODUCT_NAME = "$(TARGET_NAME)";
				SWIFT_VERSION = 4.0;
				TARGETED_DEVICE_FAMILY = "1,2";
			};
			name = Debug;
		};
		687C51F120B695940030DA97 /* Release */ = {
			isa = XCBuildConfiguration;
			baseConfigurationReference = EC294AD805DCB86279E7D2AD /* Pods-tool2.release.xcconfig */;
			buildSettings = {
				ALWAYS_EMBED_SWIFT_STANDARD_LIBRARIES = YES;
				ASSETCATALOG_COMPILER_APPICON_NAME = AppIcon;
				CODE_SIGN_ENTITLEMENTS = tool2/tool2.entitlements;
				CODE_SIGN_STYLE = Automatic;
				DEVELOPMENT_TEAM = 84Q47FTZCU;
				INFOPLIST_FILE = tool2/Info.plist;
				IPHONEOS_DEPLOYMENT_TARGET = 11.0;
				LD_RUNPATH_SEARCH_PATHS = "$(inherited) @executable_path/Frameworks";
				PRODUCT_BUNDLE_IDENTIFIER = com.hiroto.tool2;
				PRODUCT_NAME = "$(TARGET_NAME)";
				SWIFT_VERSION = 4.0;
				TARGETED_DEVICE_FAMILY = "1,2";
			};
			name = Release;
		};
		687C51F320B695940030DA97 /* Debug */ = {
			isa = XCBuildConfiguration;
			baseConfigurationReference = 66B6F0554DCE66C321C78A53 /* Pods-tool2Tests.debug.xcconfig */;
			buildSettings = {
				ALWAYS_EMBED_SWIFT_STANDARD_LIBRARIES = YES;
				BUNDLE_LOADER = "$(TEST_HOST)";
				CODE_SIGN_STYLE = Automatic;
				INFOPLIST_FILE = tool2Tests/Info.plist;
				LD_RUNPATH_SEARCH_PATHS = "$(inherited) @executable_path/Frameworks @loader_path/Frameworks";
				PRODUCT_BUNDLE_IDENTIFIER = com.litech.tool2Tests;
				PRODUCT_NAME = "$(TARGET_NAME)";
				SWIFT_VERSION = 4.0;
				TARGETED_DEVICE_FAMILY = "1,2";
				TEST_HOST = "$(BUILT_PRODUCTS_DIR)/tool2.app/tool2";
			};
			name = Debug;
		};
		687C51F420B695940030DA97 /* Release */ = {
			isa = XCBuildConfiguration;
			baseConfigurationReference = F3F725A70F7AEC13A53654FF /* Pods-tool2Tests.release.xcconfig */;
			buildSettings = {
				ALWAYS_EMBED_SWIFT_STANDARD_LIBRARIES = YES;
				BUNDLE_LOADER = "$(TEST_HOST)";
				CODE_SIGN_STYLE = Automatic;
				INFOPLIST_FILE = tool2Tests/Info.plist;
				LD_RUNPATH_SEARCH_PATHS = "$(inherited) @executable_path/Frameworks @loader_path/Frameworks";
				PRODUCT_BUNDLE_IDENTIFIER = com.litech.tool2Tests;
				PRODUCT_NAME = "$(TARGET_NAME)";
				SWIFT_VERSION = 4.0;
				TARGETED_DEVICE_FAMILY = "1,2";
				TEST_HOST = "$(BUILT_PRODUCTS_DIR)/tool2.app/tool2";
			};
			name = Release;
		};
		687C51F620B695940030DA97 /* Debug */ = {
			isa = XCBuildConfiguration;
			baseConfigurationReference = 555399534FA2A9EA757DD79B /* Pods-tool2UITests.debug.xcconfig */;
			buildSettings = {
				ALWAYS_EMBED_SWIFT_STANDARD_LIBRARIES = YES;
				CODE_SIGN_STYLE = Automatic;
				INFOPLIST_FILE = tool2UITests/Info.plist;
				LD_RUNPATH_SEARCH_PATHS = "$(inherited) @executable_path/Frameworks @loader_path/Frameworks";
				PRODUCT_BUNDLE_IDENTIFIER = com.litech.tool2UITests;
				PRODUCT_NAME = "$(TARGET_NAME)";
				SWIFT_VERSION = 4.0;
				TARGETED_DEVICE_FAMILY = "1,2";
				TEST_TARGET_NAME = tool2;
			};
			name = Debug;
		};
		687C51F720B695940030DA97 /* Release */ = {
			isa = XCBuildConfiguration;
			baseConfigurationReference = B59775FB5B13AE366EE54D2B /* Pods-tool2UITests.release.xcconfig */;
			buildSettings = {
				ALWAYS_EMBED_SWIFT_STANDARD_LIBRARIES = YES;
				CODE_SIGN_STYLE = Automatic;
				INFOPLIST_FILE = tool2UITests/Info.plist;
				LD_RUNPATH_SEARCH_PATHS = "$(inherited) @executable_path/Frameworks @loader_path/Frameworks";
				PRODUCT_BUNDLE_IDENTIFIER = com.litech.tool2UITests;
				PRODUCT_NAME = "$(TARGET_NAME)";
				SWIFT_VERSION = 4.0;
				TARGETED_DEVICE_FAMILY = "1,2";
				TEST_TARGET_NAME = tool2;
			};
			name = Release;
		};
/* End XCBuildConfiguration section */

/* Begin XCConfigurationList section */
		687B342721008F9300456E7B /* Build configuration list for PBXNativeTarget "keyboard" */ = {
			isa = XCConfigurationList;
			buildConfigurations = (
				687B342521008F9300456E7B /* Debug */,
				687B342621008F9300456E7B /* Release */,
			);
			defaultConfigurationIsVisible = 0;
			defaultConfigurationName = Release;
		};
		687C51C220B695930030DA97 /* Build configuration list for PBXProject "tool2" */ = {
			isa = XCConfigurationList;
			buildConfigurations = (
				687C51ED20B695940030DA97 /* Debug */,
				687C51EE20B695940030DA97 /* Release */,
			);
			defaultConfigurationIsVisible = 0;
			defaultConfigurationName = Release;
		};
		687C51EF20B695940030DA97 /* Build configuration list for PBXNativeTarget "tool2" */ = {
			isa = XCConfigurationList;
			buildConfigurations = (
				687C51F020B695940030DA97 /* Debug */,
				687C51F120B695940030DA97 /* Release */,
			);
			defaultConfigurationIsVisible = 0;
			defaultConfigurationName = Release;
		};
		687C51F220B695940030DA97 /* Build configuration list for PBXNativeTarget "tool2Tests" */ = {
			isa = XCConfigurationList;
			buildConfigurations = (
				687C51F320B695940030DA97 /* Debug */,
				687C51F420B695940030DA97 /* Release */,
			);
			defaultConfigurationIsVisible = 0;
			defaultConfigurationName = Release;
		};
		687C51F520B695940030DA97 /* Build configuration list for PBXNativeTarget "tool2UITests" */ = {
			isa = XCConfigurationList;
			buildConfigurations = (
				687C51F620B695940030DA97 /* Debug */,
				687C51F720B695940030DA97 /* Release */,
			);
			defaultConfigurationIsVisible = 0;
			defaultConfigurationName = Release;
		};
/* End XCConfigurationList section */
	};
	rootObject = 687C51BF20B695930030DA97 /* Project object */;
}
